{
  "version": 2,
  "dependencies": {
    "net10.0": {
      "Gherkin": {
        "type": "Direct",
        "requested": "[42.0.1, )",
        "resolved": "42.0.1",
        "contentHash": "GR1a9ts67OMUECpwxsQS0AOojq5ranIpyro0X6fCd/e3BncuhwIdM8dm9DplKs4W5Js7ReSgXz8VNSZJzYDGiQ==",
        "dependencies": {
          "Cucumber.Messages": "34.2.0"
        }
      },
      "Cucumber.Messages": {
        "type": "Transitive",
        "resolved": "34.2.0",
        "contentHash": "H5/5UjkGJQ/VpYgYIw29JfanjtShnE5QrY2KjfbKywvHTppKCzCjsG/LktSLIdHD93ejVwKl0pxQTc30imqvlw=="
      }
    }
  }
}