{
  "version": 2,
  "dependencies": {
    "net10.0": {
      "Gherkin": {
        "type": "Direct",
        "requested": "[35.0.0, )",
        "resolved": "35.0.0",
        "contentHash": "ha+QNevQsXEESbzazUceHTCtKOjoBTBa8kLFdKpu6vSEbb3UMt3a55RG78tIoU/C4qzIqX3jQxaIdIcYGO+IWQ==",
        "dependencies": {
          "Cucumber.Messages": "29.0.1"
        }
      },
      "Cucumber.Messages": {
        "type": "Transitive",
        "resolved": "29.0.1",
        "contentHash": "R2oo/wR3mXrbdK04Yraf+KhB01f/lyBkLQZcdxYt9XKE6tV+Af45MEk+jfbsew1SVvrAO0WvkIRwGYUozKCJvQ=="
      }
    }
  }
}